<?xml version="1.0" encoding="utf-8"?>
<Project ToolsVersion="4.0" xmlns="http://schemas.microsoft.com/developer/msbuild/2003">
  <ItemGroup>
    <Filter Include="源文件">
      <UniqueIdentifier>{4FC737F1-C7A5-4376-A066-2A32D752A2FF}</UniqueIdentifier>
      <Extensions>cpp;c;cc;cxx;c++;cppm;ixx;def;odl;idl;hpj;bat;asm;asmx</Extensions>
    </Filter>
    <Filter Include="头文件">
      <UniqueIdentifier>{93995380-89BD-4b04-88EB-625FBE52EBFB}</UniqueIdentifier>
      <Extensions>h;hh;hpp;hxx;h++;hm;inl;inc;ipp;xsd</Extensions>
    </Filter>
    <Filter Include="资源文件">
      <UniqueIdentifier>{67DA6AB6-F800-4c08-8B7A-83BB121AAD01}</UniqueIdentifier>
      <Extensions>rc;ico;cur;bmp;dlg;rc2;rct;bin;rgs;gif;jpg;jpeg;jpe;resx;tiff;tif;png;wav;mfcribbon-ms</Extensions>
    </Filter>
    <Filter Include="源文件\一、线性表">
      <UniqueIdentifier>{09cea9f0-5fb3-4d50-b556-29b9c83ac27a}</UniqueIdentifier>
    </Filter>
    <Filter Include="源文件\二、栈与队列">
      <UniqueIdentifier>{3368112b-f095-4fbb-849f-bfabc2b73b1e}</UniqueIdentifier>
    </Filter>
    <Filter Include="源文件\三、数组与广义表">
      <UniqueIdentifier>{4580a8bb-9cf0-4107-8201-eef3e7837c5a}</UniqueIdentifier>
    </Filter>
  </ItemGroup>
  <ItemGroup>
    <ClCompile Include="Test.cpp">
      <Filter>源文件</Filter>
    </ClCompile>
    <ClCompile Include="结构、常量定义及函数声明.h">
      <Filter>头文件</Filter>
    </ClCompile>
    <ClCompile Include="1、静态存储线性表.cpp">
      <Filter>源文件\一、线性表</Filter>
    </ClCompile>
    <ClCompile Include="2、动态存储顺序表.cpp">
      <Filter>源文件\一、线性表</Filter>
    </ClCompile>
    <ClCompile Include="3、不带头结点的单链表.cpp">
      <Filter>源文件\一、线性表</Filter>
    </ClCompile>
    <ClCompile Include="4、带头结点的单链表.cpp">
      <Filter>源文件\一、线性表</Filter>
    </ClCompile>
    <ClCompile Include="5、静态链表.cpp">
      <Filter>源文件\一、线性表</Filter>
    </ClCompile>
    <ClCompile Include="6、带头结点的使用尾指针的单循环链表.cpp">
      <Filter>源文件\一、线性表</Filter>
    </ClCompile>
    <ClCompile Include="7、带头结点的双向链表.cpp">
      <Filter>源文件\一、线性表</Filter>
    </ClCompile>
    <ClCompile Include="8、带头结点的双向循环链表.cpp">
      <Filter>源文件\一、线性表</Filter>
    </ClCompile>
    <ClCompile Include="9、顺序栈.cpp">
      <Filter>源文件\二、栈与队列</Filter>
    </ClCompile>
    <ClCompile Include="10、链栈.cpp">
      <Filter>源文件\二、栈与队列</Filter>
    </ClCompile>
    <ClCompile Include="11、循环队列.cpp">
      <Filter>源文件\二、栈与队列</Filter>
    </ClCompile>
    <ClCompile Include="12、链式队列.cpp">
      <Filter>源文件\二、栈与队列</Filter>
    </ClCompile>
    <ClCompile Include="13、数组.cpp">
      <Filter>源文件\三、数组与广义表</Filter>
    </ClCompile>
    <ClCompile Include="14、稀疏矩阵的三元组存储.cpp">
      <Filter>源文件\三、数组与广义表</Filter>
    </ClCompile>
    <ClCompile Include="15、稀疏矩阵的十字链表存储.cpp">
      <Filter>源文件\三、数组与广义表</Filter>
    </ClCompile>
    <ClCompile Include="16、广义表的头尾链表存储.cpp">
      <Filter>源文件\三、数组与广义表</Filter>
    </ClCompile>
  </ItemGroup>
</Project>